
Microsoft Visual Studio Solution File, Format Version 12.00
# Visual Studio Version 17
VisualStudioVersion = 17.0.31903.59
MinimumVisualStudioVersion = 10.0.40219.1
Project("{9A19103F-16F7-4668-BE54-9A1E7A4F7556}") = "Immutable.Benchmarks", "Immutable\Immutable.Benchmarks.csproj", "{CF16C191-6C14-4398-ADE6-086112928EE2}"
EndProject
Project("{FAE04EC0-301F-11D3-BF4B-00C04F79EFBC}") = "Immutable.Examples", "Immutable.Examples\Immutable.Examples.csproj", "{19584995-332E-46FB-A519-0B94422DBB84}"
EndProject
Global
	GlobalSection(SolutionConfigurationPlatforms) = preSolution
		Debug|Any CPU = Debug|Any CPU
		Release|Any CPU = Release|Any CPU
	EndGlobalSection
	GlobalSection(ProjectConfigurationPlatforms) = postSolution
		{CF16C191-6C14-4398-ADE6-086112928EE2}.Debug|Any CPU.ActiveCfg = Debug|Any CPU
		{CF16C191-6C14-4398-ADE6-086112928EE2}.Debug|Any CPU.Build.0 = Debug|Any CPU
		{CF16C191-6C14-4398-ADE6-086112928EE2}.Release|Any CPU.ActiveCfg = Release|Any CPU
		{CF16C191-6C14-4398-ADE6-086112928EE2}.Release|Any CPU.Build.0 = Release|Any CPU
		{19584995-332E-46FB-A519-0B94422DBB84}.Debug|Any CPU.ActiveCfg = Debug|Any CPU
		{19584995-332E-46FB-A519-0B94422DBB84}.Debug|Any CPU.Build.0 = Debug|Any CPU
		{19584995-332E-46FB-A519-0B94422DBB84}.Release|Any CPU.ActiveCfg = Release|Any CPU
		{19584995-332E-46FB-A519-0B94422DBB84}.Release|Any CPU.Build.0 = Release|Any CPU
	EndGlobalSection
	GlobalSection(SolutionProperties) = preSolution
		HideSolutionNode = FALSE
	EndGlobalSection
	GlobalSection(ExtensibilityGlobals) = postSolution
		SolutionGuid = {5122C8F4-BEAF-44A2-8430-CB34EDA01B99}
	EndGlobalSection
EndGlobal
